
Microsoft Visual Studio Solution File, Format Version 11.00
# Visual C# Express 2010
Project("{FAE04EC0-301F-11D3-BF4B-00C04F79EFBC}") = "deteksi wajah", "deteksi wajah\deteksi wajah.csproj", "{936FE983-CA6F-485F-A2B9-7E4F8A0C2435}"
EndProject
Global
	GlobalSection(SolutionConfigurationPlatforms) = preSolution
		Debug|x86 = Debug|x86
		Release|x86 = Release|x86
	EndGlobalSection
	GlobalSection(ProjectConfigurationPlatforms) = postSolution
		{936FE983-CA6F-485F-A2B9-7E4F8A0C2435}.Debug|x86.ActiveCfg = Debug|x86
		{936FE983-CA6F-485F-A2B9-7E4F8A0C2435}.Debug|x86.Build.0 = Debug|x86
		{936FE983-CA6F-485F-A2B9-7E4F8A0C2435}.Release|x86.ActiveCfg = Release|x86
		{936FE983-CA6F-485F-A2B9-7E4F8A0C2435}.Release|x86.Build.0 = Release|x86
	EndGlobalSection
	GlobalSection(SolutionProperties) = preSolution
		HideSolutionNode = FALSE
	EndGlobalSection
EndGlobal
